
Microsoft Visual Studio Solution File, Format Version 12.00
# Visual Studio Version 17
VisualStudioVersion = 17.14.36109.1 d17.14
MinimumVisualStudioVersion = 10.0.40219.1
Project("{FAE04EC0-301F-11D3-BF4B-00C04F79EFBC}") = "Kurz-C-2-ukol-3", "Kurz-C-2-ukol-3.csproj", "{007EA21A-0B15-4E43-AAA5-C53F3F933AFE}"
EndProject
Global
	GlobalSection(SolutionConfigurationPlatforms) = preSolution
		Debug|Any CPU = Debug|Any CPU
		Release|Any CPU = Release|Any CPU
	EndGlobalSection
	GlobalSection(ProjectConfigurationPlatforms) = postSolution
		{007EA21A-0B15-4E43-AAA5-C53F3F933AFE}.Debug|Any CPU.ActiveCfg = Debug|Any CPU
		{007EA21A-0B15-4E43-AAA5-C53F3F933AFE}.Debug|Any CPU.Build.0 = Debug|Any CPU
		{007EA21A-0B15-4E43-AAA5-C53F3F933AFE}.Release|Any CPU.ActiveCfg = Release|Any CPU
		{007EA21A-0B15-4E43-AAA5-C53F3F933AFE}.Release|Any CPU.Build.0 = Release|Any CPU
	EndGlobalSection
	GlobalSection(SolutionProperties) = preSolution
		HideSolutionNode = FALSE
	EndGlobalSection
	GlobalSection(ExtensibilityGlobals) = postSolution
		SolutionGuid = {61BDCCE1-2E4E-4C70-BE4C-741CE41D8732}
	EndGlobalSection
EndGlobal
